
Microsoft Visual Studio Solution File, Format Version 12.00
# Visual Studio Version 16
VisualStudioVersion = 16.0.30717.126
MinimumVisualStudioVersion = 10.0.40219.1
Project("{FAE04EC0-301F-11D3-BF4B-00C04F79EFBC}") = "TengXunAuto.DNS", "TengXunAuto.DNS\TengXunAuto.DNS.csproj", "{5B62FFD0-171F-457D-8E85-F994F4DA5F89}"
EndProject
Global
	GlobalSection(SolutionConfigurationPlatforms) = preSolution
		Debug|Any CPU = Debug|Any CPU
		Release|Any CPU = Release|Any CPU
	EndGlobalSection
	GlobalSection(ProjectConfigurationPlatforms) = postSolution
		{5B62FFD0-171F-457D-8E85-F994F4DA5F89}.Debug|Any CPU.ActiveCfg = Debug|Any CPU
		{5B62FFD0-171F-457D-8E85-F994F4DA5F89}.Debug|Any CPU.Build.0 = Debug|Any CPU
		{5B62FFD0-171F-457D-8E85-F994F4DA5F89}.Release|Any CPU.ActiveCfg = Release|Any CPU
		{5B62FFD0-171F-457D-8E85-F994F4DA5F89}.Release|Any CPU.Build.0 = Release|Any CPU
	EndGlobalSection
	GlobalSection(SolutionProperties) = preSolution
		HideSolutionNode = FALSE
	EndGlobalSection
	GlobalSection(ExtensibilityGlobals) = postSolution
		SolutionGuid = {D9B5BEC5-CFBB-4CFD-BA21-CC115423597E}
	EndGlobalSection
EndGlobal
